github.com/ryanuber/go-otp v0.0.0-20140421071115-6a26ad5dc37b h1:T4QaTNzWw5vO4KCUph7iIKrUAgObM48tQQ9M57Ps2/I=
github.com/ryanuber/go-otp v0.0.0-20140421071115-6a26ad5dc37b/go.mod h1:VdTcvQLEHE8m/bBlkhkz4WnT7CWAWX9m3QBkvQFcnsw=
golang.org/x/exp v0.0.0-20220921164117-439092de6870 h1:j8b6j9gzSigH28O5SjSpQSSh9lFd6f5D/q0aHjNTulc=
golang.org/x/exp v0.0.0-20220921164117-439092de6870/go.mod h1:cyybsKvd6eL0RnXn6p/Grxp8F5bW7iYuBgsNCOHpMYE=
